
Microsoft Visual Studio Solution File, Format Version 12.00
# Visual Studio Version 17
VisualStudioVersion = 17.11.35312.102
MinimumVisualStudioVersion = 10.0.40219.1
Project("{FAE04EC0-301F-11D3-BF4B-00C04F79EFBC}") = "DAMLAG_StackTest", "DAMLAG_StackTest\DAMLAG_StackTest.csproj", "{61B6B352-2992-4F7E-998E-07CC313CB15C}"
EndProject
Global
	GlobalSection(SolutionConfigurationPlatforms) = preSolution
		Debug|Any CPU = Debug|Any CPU
		Release|Any CPU = Release|Any CPU
	EndGlobalSection
	GlobalSection(ProjectConfigurationPlatforms) = postSolution
		{61B6B352-2992-4F7E-998E-07CC313CB15C}.Debug|Any CPU.ActiveCfg = Debug|Any CPU
		{61B6B352-2992-4F7E-998E-07CC313CB15C}.Debug|Any CPU.Build.0 = Debug|Any CPU
		{61B6B352-2992-4F7E-998E-07CC313CB15C}.Release|Any CPU.ActiveCfg = Release|Any CPU
		{61B6B352-2992-4F7E-998E-07CC313CB15C}.Release|Any CPU.Build.0 = Release|Any CPU
	EndGlobalSection
	GlobalSection(SolutionProperties) = preSolution
		HideSolutionNode = FALSE
	EndGlobalSection
	GlobalSection(ExtensibilityGlobals) = postSolution
		SolutionGuid = {74837610-CDCF-49BC-A66E-04D1B8CC9CEB}
	EndGlobalSection
EndGlobal
